<?xml version="1.0" encoding="utf-8"?>
<Project ToolsVersion="4.0" xmlns="http://schemas.microsoft.com/developer/msbuild/2003">
  <ItemGroup>
    <Filter Include="Source Files">
      <UniqueIdentifier>{4FC737F1-C7A5-4376-A066-2A32D752A2FF}</UniqueIdentifier>
      <Extensions>cpp;c;cc;cxx;c++;cppm;ixx;def;odl;idl;hpj;bat;asm;asmx</Extensions>
    </Filter>
    <Filter Include="Header Files">
      <UniqueIdentifier>{93995380-89BD-4b04-88EB-625FBE52EBFB}</UniqueIdentifier>
      <Extensions>h;hh;hpp;hxx;h++;hm;inl;inc;ipp;xsd</Extensions>
    </Filter>
    <Filter Include="Resource Files">
      <UniqueIdentifier>{67DA6AB6-F800-4c08-8B7A-83BB121AAD01}</UniqueIdentifier>
      <Extensions>rc;ico;cur;bmp;dlg;rc2;rct;bin;rgs;gif;jpg;jpeg;jpe;resx;tiff;tif;png;wav;mfcribbon-ms</Extensions>
    </Filter>
  </ItemGroup>
  <ItemGroup>
    <ClCompile Include="OdisEngine.cpp">
      <Filter>Source Files</Filter>
    </ClCompile>
    <ClCompile Include="src\Window.cpp">
      <Filter>Source Files</Filter>
    </ClCompile>
    <ClCompile Include="external\gl.c">
      <Filter>Source Files</Filter>
    </ClCompile>
    <ClCompile Include="src\OpenGL\GLSLShader.cpp">
      <Filter>Source Files</Filter>
    </ClCompile>
    <ClCompile Include="src\OpenGL\Texture2D.cpp">
      <Filter>Source Files</Filter>
    </ClCompile>
    <ClCompile Include="external\vulkan.c">
      <Filter>Source Files</Filter>
    </ClCompile>
    <ClCompile Include="src\ResourceManager.cpp">
      <Filter>Source Files</Filter>
    </ClCompile>
  </ItemGroup>
  <ItemGroup>
    <ClInclude Include="include\Window.h">
      <Filter>Header Files</Filter>
    </ClInclude>
    <ClInclude Include="include\OdisEngine.h">
      <Filter>Header Files</Filter>
    </ClInclude>
    <ClInclude Include="include\Input.h">
      <Filter>Header Files</Filter>
    </ClInclude>
    <ClInclude Include="include\Camera.h">
      <Filter>Header Files</Filter>
    </ClInclude>
    <ClInclude Include="include\InputEvent.h">
      <Filter>Header Files</Filter>
    </ClInclude>
    <ClInclude Include="include\Keys.h">
      <Filter>Header Files</Filter>
    </ClInclude>
    <ClInclude Include="external\entt.hpp">
      <Filter>Header Files</Filter>
    </ClInclude>
    <ClInclude Include="external\stb_image.h">
      <Filter>Header Files</Filter>
    </ClInclude>
    <ClInclude Include="external\vk_platform.h">
      <Filter>Header Files</Filter>
    </ClInclude>
    <ClInclude Include="include\GLSLShader.h">
      <Filter>Header Files</Filter>
    </ClInclude>
    <ClInclude Include="include\Renderer.h">
      <Filter>Header Files</Filter>
    </ClInclude>
    <ClInclude Include="include\Texture2D.h">
      <Filter>Header Files</Filter>
    </ClInclude>
    <ClInclude Include="include\ResourceManager.h">
      <Filter>Header Files</Filter>
    </ClInclude>
    <ClInclude Include="external\glad\gl.h">
      <Filter>Header Files</Filter>
    </ClInclude>
    <ClInclude Include="external\glad\vulkan.h">
      <Filter>Header Files</Filter>
    </ClInclude>
    <ClInclude Include="external\SOIL\image_DXT.h">
      <Filter>Header Files</Filter>
    </ClInclude>
    <ClInclude Include="external\SOIL\image_helper.h">
      <Filter>Header Files</Filter>
    </ClInclude>
    <ClInclude Include="external\SOIL\SOIL.h">
      <Filter>Header Files</Filter>
    </ClInclude>
    <ClInclude Include="external\SOIL\stb_image_aug.h">
      <Filter>Header Files</Filter>
    </ClInclude>
    <ClInclude Include="external\SOIL\stbi_DDS_aug.h">
      <Filter>Header Files</Filter>
    </ClInclude>
    <ClInclude Include="external\SOIL\stbi_DDS_aug_c.h">
      <Filter>Header Files</Filter>
    </ClInclude>
    <ClInclude Include="include\SpriteRenderer.h">
      <Filter>Header Files</Filter>
    </ClInclude>
    <ClInclude Include="lua\lua\lauxlib.h">
      <Filter>Header Files</Filter>
    </ClInclude>
    <ClInclude Include="lua\lua\lua.h">
      <Filter>Header Files</Filter>
    </ClInclude>
    <ClInclude Include="lua\lua\luaconf.h">
      <Filter>Header Files</Filter>
    </ClInclude>
    <ClInclude Include="lua\lua\luajit.h">
      <Filter>Header Files</Filter>
    </ClInclude>
    <ClInclude Include="lua\lua\lualib.h">
      <Filter>Header Files</Filter>
    </ClInclude>
    <ClInclude Include="include\Components\Transform.h">
      <Filter>Header Files</Filter>
    </ClInclude>
    <ClInclude Include="include\Components\Sprite.h">
      <Filter>Header Files</Filter>
    </ClInclude>
    <ClInclude Include="include\Components.h">
      <Filter>Header Files</Filter>
    </ClInclude>
    <ClInclude Include="include\cum.h">
      <Filter>Header Files</Filter>
    </ClInclude>
    <ClInclude Include="include\OdisEngine.hpp">
      <Filter>Header Files</Filter>
    </ClInclude>
    <ClInclude Include="include\Color.h">
      <Filter>Header Files</Filter>
    </ClInclude>
    <ClInclude Include="include\Font.h">
      <Filter>Header Files</Filter>
    </ClInclude>
    <ClInclude Include="include\TextRenderer.h">
      <Filter>Header Files</Filter>
    </ClInclude>
    <ClInclude Include="include\ShapeRenderer.h">
      <Filter>Header Files</Filter>
    </ClInclude>
    <ClInclude Include="include\Shapes.h">
      <Filter>Header Files</Filter>
    </ClInclude>
    <ClInclude Include="include\Mesh.h">
      <Filter>Header Files</Filter>
    </ClInclude>
    <ClInclude Include="external\ft2build.h">
      <Filter>Header Files</Filter>
    </ClInclude>
    <ClInclude Include="include\utility\OdisMath.h">
      <Filter>Header Files</Filter>
    </ClInclude>
    <ClInclude Include="include\Log.h">
      <Filter>Header Files</Filter>
    </ClInclude>
  </ItemGroup>
  <ItemGroup>
    <Library Include="external\glfw3.lib" />
    <Library Include="external\SOIL_release.lib" />
    <Library Include="external\freetype.lib" />
  </ItemGroup>
  <ItemGroup>
    <None Include=".gitattributes" />
    <None Include=".gitignore" />
    <None Include="shaders\sprite.vert" />
    <None Include="shaders\sprite.frag" />
    <None Include="lua\lua51.dll" />
    <None Include="lua\luajit.exe" />
    <None Include="lua\lua\jit\.gitignore" />
    <None Include="lua\lua\jit\bc.lua" />
    <None Include="lua\lua\jit\bcsave.lua" />
    <None Include="lua\lua\jit\dis_arm.lua" />
    <None Include="lua\lua\jit\dis_arm64.lua" />
    <None Include="lua\lua\jit\dis_arm64be.lua" />
    <None Include="lua\lua\jit\dis_mips.lua" />
    <None Include="lua\lua\jit\dis_mips64.lua" />
    <None Include="lua\lua\jit\dis_mips64el.lua" />
    <None Include="lua\lua\jit\dis_mips64r6.lua" />
    <None Include="lua\lua\jit\dis_mips64r6el.lua" />
    <None Include="lua\lua\jit\dis_mipsel.lua" />
    <None Include="lua\lua\jit\dis_ppc.lua" />
    <None Include="lua\lua\jit\dis_x64.lua" />
    <None Include="lua\lua\jit\dis_x86.lua" />
    <None Include="lua\lua\jit\dump.lua" />
    <None Include="lua\lua\jit\p.lua" />
    <None Include="lua\lua\jit\v.lua" />
    <None Include="lua\lua\jit\vmdef.lua" />
    <None Include="lua\lua\jit\zone.lua" />
    <None Include="shaders\text.frag" />
    <None Include="shaders\text.vert" />
    <None Include="shaders\shape.frag" />
    <None Include="shaders\shape.vert" />
  </ItemGroup>
  <ItemGroup>
    <Image Include="catgreyidle.png">
      <Filter>Resource Files</Filter>
    </Image>
  </ItemGroup>
</Project>